
Microsoft Visual Studio Solution File, Format Version 12.00
# Visual Studio Version 17
VisualStudioVersion = 17.9.34526.213
MinimumVisualStudioVersion = 10.0.40219.1
Project("{9A19103F-16F7-4668-BE54-9A1E7A4F7556}") = "ConsoleApp.OutputDemox", "ConsoleApp.OutputDemox\ConsoleApp.OutputDemox.csproj", "{3EA44E34-1925-4548-AFB5-0BE5D6C4471C}"
EndProject
Project("{9A19103F-16F7-4668-BE54-9A1E7A4F7556}") = "ConsoleApp1.VariablesDemox", "ConsoleApp1.VariablesDemox\ConsoleApp1.VariablesDemox.csproj", "{07EDE164-3C8A-483F-B872-209F311BAF10}"
EndProject
Project("{9A19103F-16F7-4668-BE54-9A1E7A4F7556}") = "ConsoleApp1.UserInputDemox", "ConsoleApp1.UserInputDemox\ConsoleApp1.UserInputDemox.csproj", "{F6BDAA79-68F2-4029-A00C-498A130BF53D}"
EndProject
Project("{FAE04EC0-301F-11D3-BF4B-00C04F79EFBC}") = "ConsoleApp1.Operatorsx", "ConsoleApp1.Operatorsx\ConsoleApp1.Operatorsx.csproj", "{F4422B3F-2416-4733-924D-DE8FECF6B94B}"
EndProject
Project("{FAE04EC0-301F-11D3-BF4B-00C04F79EFBC}") = "ConsoleApp1.ConditionsAndDecisionsx", "ConsoleApp1.ConditionsAndDecisionsx\ConsoleApp1.ConditionsAndDecisionsx.csproj", "{51A7C639-E9DA-431E-89EF-A66406941C5F}"
EndProject
Project("{FAE04EC0-301F-11D3-BF4B-00C04F79EFBC}") = "ConsoleApp1.SampleCalculatorx", "ConsoleApp1.SampleCalculatorx\ConsoleApp1.SampleCalculatorx.csproj", "{F0E1C327-96BC-4B8B-B16F-F1F948D6FF90}"
EndProject
Project("{FAE04EC0-301F-11D3-BF4B-00C04F79EFBC}") = "ConsoleApp1.Loopsx", "ConsoleApp1.Loopsx\ConsoleApp1.Loopsx.csproj", "{6F7E123F-18F3-45BB-8DCD-E59B7A35EACA}"
EndProject
Project("{FAE04EC0-301F-11D3-BF4B-00C04F79EFBC}") = "ConsoleApp1.ExceptionHandlingDemox", "ConsoleApp1.ExceptionHandlingDemox\ConsoleApp1.ExceptionHandlingDemox.csproj", "{DFD6D5B2-834B-4D0B-B25F-40DFF973DE46}"
EndProject
Global
	GlobalSection(SolutionConfigurationPlatforms) = preSolution
		Debug|Any CPU = Debug|Any CPU
		Release|Any CPU = Release|Any CPU
	EndGlobalSection
	GlobalSection(ProjectConfigurationPlatforms) = postSolution
		{3EA44E34-1925-4548-AFB5-0BE5D6C4471C}.Debug|Any CPU.ActiveCfg = Debug|Any CPU
		{3EA44E34-1925-4548-AFB5-0BE5D6C4471C}.Debug|Any CPU.Build.0 = Debug|Any CPU
		{3EA44E34-1925-4548-AFB5-0BE5D6C4471C}.Release|Any CPU.ActiveCfg = Release|Any CPU
		{3EA44E34-1925-4548-AFB5-0BE5D6C4471C}.Release|Any CPU.Build.0 = Release|Any CPU
		{07EDE164-3C8A-483F-B872-209F311BAF10}.Debug|Any CPU.ActiveCfg = Debug|Any CPU
		{07EDE164-3C8A-483F-B872-209F311BAF10}.Debug|Any CPU.Build.0 = Debug|Any CPU
		{07EDE164-3C8A-483F-B872-209F311BAF10}.Release|Any CPU.ActiveCfg = Release|Any CPU
		{07EDE164-3C8A-483F-B872-209F311BAF10}.Release|Any CPU.Build.0 = Release|Any CPU
		{F6BDAA79-68F2-4029-A00C-498A130BF53D}.Debug|Any CPU.ActiveCfg = Debug|Any CPU
		{F6BDAA79-68F2-4029-A00C-498A130BF53D}.Debug|Any CPU.Build.0 = Debug|Any CPU
		{F6BDAA79-68F2-4029-A00C-498A130BF53D}.Release|Any CPU.ActiveCfg = Release|Any CPU
		{F6BDAA79-68F2-4029-A00C-498A130BF53D}.Release|Any CPU.Build.0 = Release|Any CPU
		{F4422B3F-2416-4733-924D-DE8FECF6B94B}.Debug|Any CPU.ActiveCfg = Debug|Any CPU
		{F4422B3F-2416-4733-924D-DE8FECF6B94B}.Debug|Any CPU.Build.0 = Debug|Any CPU
		{F4422B3F-2416-4733-924D-DE8FECF6B94B}.Release|Any CPU.ActiveCfg = Release|Any CPU
		{F4422B3F-2416-4733-924D-DE8FECF6B94B}.Release|Any CPU.Build.0 = Release|Any CPU
		{51A7C639-E9DA-431E-89EF-A66406941C5F}.Debug|Any CPU.ActiveCfg = Debug|Any CPU
		{51A7C639-E9DA-431E-89EF-A66406941C5F}.Debug|Any CPU.Build.0 = Debug|Any CPU
		{51A7C639-E9DA-431E-89EF-A66406941C5F}.Release|Any CPU.ActiveCfg = Release|Any CPU
		{51A7C639-E9DA-431E-89EF-A66406941C5F}.Release|Any CPU.Build.0 = Release|Any CPU
		{F0E1C327-96BC-4B8B-B16F-F1F948D6FF90}.Debug|Any CPU.ActiveCfg = Debug|Any CPU
		{F0E1C327-96BC-4B8B-B16F-F1F948D6FF90}.Debug|Any CPU.Build.0 = Debug|Any CPU
		{F0E1C327-96BC-4B8B-B16F-F1F948D6FF90}.Release|Any CPU.ActiveCfg = Release|Any CPU
		{F0E1C327-96BC-4B8B-B16F-F1F948D6FF90}.Release|Any CPU.Build.0 = Release|Any CPU
		{6F7E123F-18F3-45BB-8DCD-E59B7A35EACA}.Debug|Any CPU.ActiveCfg = Debug|Any CPU
		{6F7E123F-18F3-45BB-8DCD-E59B7A35EACA}.Debug|Any CPU.Build.0 = Debug|Any CPU
		{6F7E123F-18F3-45BB-8DCD-E59B7A35EACA}.Release|Any CPU.ActiveCfg = Release|Any CPU
		{6F7E123F-18F3-45BB-8DCD-E59B7A35EACA}.Release|Any CPU.Build.0 = Release|Any CPU
		{DFD6D5B2-834B-4D0B-B25F-40DFF973DE46}.Debug|Any CPU.ActiveCfg = Debug|Any CPU
		{DFD6D5B2-834B-4D0B-B25F-40DFF973DE46}.Debug|Any CPU.Build.0 = Debug|Any CPU
		{DFD6D5B2-834B-4D0B-B25F-40DFF973DE46}.Release|Any CPU.ActiveCfg = Release|Any CPU
		{DFD6D5B2-834B-4D0B-B25F-40DFF973DE46}.Release|Any CPU.Build.0 = Release|Any CPU
	EndGlobalSection
	GlobalSection(SolutionProperties) = preSolution
		HideSolutionNode = FALSE
	EndGlobalSection
	GlobalSection(ExtensibilityGlobals) = postSolution
		SolutionGuid = {4AF0FDF2-F1EA-49FD-810B-60BC151DEF24}
	EndGlobalSection
EndGlobal
